
Microsoft Visual Studio Solution File, Format Version 12.00
# Visual Studio 15
VisualStudioVersion = 15.0.26124.0
MinimumVisualStudioVersion = 15.0.26124.0
Project("{2150E333-8FDC-42A3-9474-1A3956D46DE8}") = "src", "src", "{89BD245A-DE34-4914-8701-83FE2E502B9D}"
EndProject
Project("{FAE04EC0-301F-11D3-BF4B-00C04F79EFBC}") = "Polyrific.Project.Common", "src\Polyrific.Project.Common\Polyrific.Project.Common.csproj", "{591EEECC-2D8C-4A97-A731-D9B55FD3C12B}"
EndProject
Global
	GlobalSection(SolutionConfigurationPlatforms) = preSolution
		Debug|Any CPU = Debug|Any CPU
		Debug|x64 = Debug|x64
		Debug|x86 = Debug|x86
		Release|Any CPU = Release|Any CPU
		Release|x64 = Release|x64
		Release|x86 = Release|x86
	EndGlobalSection
	GlobalSection(SolutionProperties) = preSolution
		HideSolutionNode = FALSE
	EndGlobalSection
	GlobalSection(ProjectConfigurationPlatforms) = postSolution
		{591EEECC-2D8C-4A97-A731-D9B55FD3C12B}.Debug|Any CPU.ActiveCfg = Debug|Any CPU
		{591EEECC-2D8C-4A97-A731-D9B55FD3C12B}.Debug|Any CPU.Build.0 = Debug|Any CPU
		{591EEECC-2D8C-4A97-A731-D9B55FD3C12B}.Debug|x64.ActiveCfg = Debug|Any CPU
		{591EEECC-2D8C-4A97-A731-D9B55FD3C12B}.Debug|x64.Build.0 = Debug|Any CPU
		{591EEECC-2D8C-4A97-A731-D9B55FD3C12B}.Debug|x86.ActiveCfg = Debug|Any CPU
		{591EEECC-2D8C-4A97-A731-D9B55FD3C12B}.Debug|x86.Build.0 = Debug|Any CPU
		{591EEECC-2D8C-4A97-A731-D9B55FD3C12B}.Release|Any CPU.ActiveCfg = Release|Any CPU
		{591EEECC-2D8C-4A97-A731-D9B55FD3C12B}.Release|Any CPU.Build.0 = Release|Any CPU
		{591EEECC-2D8C-4A97-A731-D9B55FD3C12B}.Release|x64.ActiveCfg = Release|Any CPU
		{591EEECC-2D8C-4A97-A731-D9B55FD3C12B}.Release|x64.Build.0 = Release|Any CPU
		{591EEECC-2D8C-4A97-A731-D9B55FD3C12B}.Release|x86.ActiveCfg = Release|Any CPU
		{591EEECC-2D8C-4A97-A731-D9B55FD3C12B}.Release|x86.Build.0 = Release|Any CPU
	EndGlobalSection
	GlobalSection(NestedProjects) = preSolution
		{591EEECC-2D8C-4A97-A731-D9B55FD3C12B} = {89BD245A-DE34-4914-8701-83FE2E502B9D}
	EndGlobalSection
EndGlobal
